
Microsoft Visual Studio Solution File, Format Version 12.00
# Visual Studio Version 16
VisualStudioVersion = 16.0.29102.190
MinimumVisualStudioVersion = 10.0.40219.1
Project("{FAE04EC0-301F-11D3-BF4B-00C04F79EFBC}") = "AS5000 Login", "AS5000 Login.csproj", "{12E9AB7C-DC8C-4786-8F97-AE23E180F914}"
EndProject
Global
	GlobalSection(SolutionConfigurationPlatforms) = preSolution
		Debug|Any CPU = Debug|Any CPU
		Release|Any CPU = Release|Any CPU
	EndGlobalSection
	GlobalSection(ProjectConfigurationPlatforms) = postSolution
		{12E9AB7C-DC8C-4786-8F97-AE23E180F914}.Debug|Any CPU.ActiveCfg = Debug|Any CPU
		{12E9AB7C-DC8C-4786-8F97-AE23E180F914}.Debug|Any CPU.Build.0 = Debug|Any CPU
		{12E9AB7C-DC8C-4786-8F97-AE23E180F914}.Release|Any CPU.ActiveCfg = Release|Any CPU
		{12E9AB7C-DC8C-4786-8F97-AE23E180F914}.Release|Any CPU.Build.0 = Release|Any CPU
	EndGlobalSection
	GlobalSection(SolutionProperties) = preSolution
		HideSolutionNode = FALSE
	EndGlobalSection
	GlobalSection(ExtensibilityGlobals) = postSolution
		SolutionGuid = {5B05E9FA-54CE-4AA6-9BF5-DE52CFC9D125}
	EndGlobalSection
EndGlobal
